
Microsoft Visual Studio Solution File, Format Version 12.00
# Visual Studio Version 17
VisualStudioVersion = 17.9.34728.123
MinimumVisualStudioVersion = 10.0.40219.1
Project("{FAE04EC0-301F-11D3-BF4B-00C04F79EFBC}") = "BlazorSSRPassDataBetweenPages", "BlazorSSRPassDataBetweenPages\BlazorSSRPassDataBetweenPages.csproj", "{880BEF36-96E4-4531-B6FE-5B72EF385932}"
EndProject
Global
	GlobalSection(SolutionConfigurationPlatforms) = preSolution
		Debug|Any CPU = Debug|Any CPU
		Release|Any CPU = Release|Any CPU
	EndGlobalSection
	GlobalSection(ProjectConfigurationPlatforms) = postSolution
		{880BEF36-96E4-4531-B6FE-5B72EF385932}.Debug|Any CPU.ActiveCfg = Debug|Any CPU
		{880BEF36-96E4-4531-B6FE-5B72EF385932}.Debug|Any CPU.Build.0 = Debug|Any CPU
		{880BEF36-96E4-4531-B6FE-5B72EF385932}.Release|Any CPU.ActiveCfg = Release|Any CPU
		{880BEF36-96E4-4531-B6FE-5B72EF385932}.Release|Any CPU.Build.0 = Release|Any CPU
	EndGlobalSection
	GlobalSection(SolutionProperties) = preSolution
		HideSolutionNode = FALSE
	EndGlobalSection
	GlobalSection(ExtensibilityGlobals) = postSolution
		SolutionGuid = {325396E8-E0B4-4573-81B0-E3EA7DD87FD9}
	EndGlobalSection
EndGlobal
